
Microsoft Visual Studio Solution File, Format Version 12.00
# Visual Studio Version 17
VisualStudioVersion = 17.5.33627.172
MinimumVisualStudioVersion = 10.0.40219.1
Project("{FAE04EC0-301F-11D3-BF4B-00C04F79EFBC}") = "PigeHoleSortC#Consol1.0", "PigeHoleSortC#Consol1.0\PigeHoleSortC#Consol1.0.csproj", "{9CB62678-D49E-49E8-9056-86077D6EFA10}"
EndProject
Global
	GlobalSection(SolutionConfigurationPlatforms) = preSolution
		Debug|Any CPU = Debug|Any CPU
		Release|Any CPU = Release|Any CPU
	EndGlobalSection
	GlobalSection(ProjectConfigurationPlatforms) = postSolution
		{9CB62678-D49E-49E8-9056-86077D6EFA10}.Debug|Any CPU.ActiveCfg = Debug|Any CPU
		{9CB62678-D49E-49E8-9056-86077D6EFA10}.Debug|Any CPU.Build.0 = Debug|Any CPU
		{9CB62678-D49E-49E8-9056-86077D6EFA10}.Release|Any CPU.ActiveCfg = Release|Any CPU
		{9CB62678-D49E-49E8-9056-86077D6EFA10}.Release|Any CPU.Build.0 = Release|Any CPU
	EndGlobalSection
	GlobalSection(SolutionProperties) = preSolution
		HideSolutionNode = FALSE
	EndGlobalSection
	GlobalSection(ExtensibilityGlobals) = postSolution
		SolutionGuid = {732CE780-6E7B-473A-AE2A-BABA3C5BBE7F}
	EndGlobalSection
EndGlobal
